
Microsoft Visual Studio Solution File, Format Version 12.00
# Visual Studio Version 17
VisualStudioVersion = 17.5.33627.172
MinimumVisualStudioVersion = 10.0.40219.1
Project("{FAE04EC0-301F-11D3-BF4B-00C04F79EFBC}") = "Chat.UnitTeste", "Chat.UnitTeste\Chat.UnitTeste.csproj", "{B4E98C9C-6C2A-485F-93D5-04E139815571}"
EndProject
Global
	GlobalSection(SolutionConfigurationPlatforms) = preSolution
		Debug|Any CPU = Debug|Any CPU
		Release|Any CPU = Release|Any CPU
	EndGlobalSection
	GlobalSection(ProjectConfigurationPlatforms) = postSolution
		{B4E98C9C-6C2A-485F-93D5-04E139815571}.Debug|Any CPU.ActiveCfg = Debug|Any CPU
		{B4E98C9C-6C2A-485F-93D5-04E139815571}.Debug|Any CPU.Build.0 = Debug|Any CPU
		{B4E98C9C-6C2A-485F-93D5-04E139815571}.Release|Any CPU.ActiveCfg = Release|Any CPU
		{B4E98C9C-6C2A-485F-93D5-04E139815571}.Release|Any CPU.Build.0 = Release|Any CPU
	EndGlobalSection
	GlobalSection(SolutionProperties) = preSolution
		HideSolutionNode = FALSE
	EndGlobalSection
	GlobalSection(ExtensibilityGlobals) = postSolution
		SolutionGuid = {BF1FD6EA-CE55-41C8-8947-8E2145DDCA6F}
	EndGlobalSection
EndGlobal
