
Microsoft Visual Studio Solution File, Format Version 12.00
# Visual Studio Version 16
VisualStudioVersion = 16.0.30406.217
MinimumVisualStudioVersion = 10.0.40219.1
Project("{9A19103F-16F7-4668-BE54-9A1E7A4F7556}") = "Realtime.API", "Realtime.API\Realtime.API.csproj", "{80463C5D-C217-481E-B13C-C82DB7F719E0}"
EndProject
Project("{9A19103F-16F7-4668-BE54-9A1E7A4F7556}") = "Realtime.Domain", "Realtime.Domain\Realtime.Domain.csproj", "{FA3BD613-1A1B-486F-8CAA-8F40DD00691B}"
EndProject
Project("{9A19103F-16F7-4668-BE54-9A1E7A4F7556}") = "Realtime.Infrastructure", "Realtime.Infrastructure\Realtime.Infrastructure.csproj", "{0224C7D8-0308-4255-AE2E-1762BC2A7B59}"
EndProject
Global
	GlobalSection(SolutionConfigurationPlatforms) = preSolution
		Debug|Any CPU = Debug|Any CPU
		Release|Any CPU = Release|Any CPU
	EndGlobalSection
	GlobalSection(ProjectConfigurationPlatforms) = postSolution
		{80463C5D-C217-481E-B13C-C82DB7F719E0}.Debug|Any CPU.ActiveCfg = Debug|Any CPU
		{80463C5D-C217-481E-B13C-C82DB7F719E0}.Debug|Any CPU.Build.0 = Debug|Any CPU
		{80463C5D-C217-481E-B13C-C82DB7F719E0}.Release|Any CPU.ActiveCfg = Release|Any CPU
		{80463C5D-C217-481E-B13C-C82DB7F719E0}.Release|Any CPU.Build.0 = Release|Any CPU
		{FA3BD613-1A1B-486F-8CAA-8F40DD00691B}.Debug|Any CPU.ActiveCfg = Debug|Any CPU
		{FA3BD613-1A1B-486F-8CAA-8F40DD00691B}.Debug|Any CPU.Build.0 = Debug|Any CPU
		{FA3BD613-1A1B-486F-8CAA-8F40DD00691B}.Release|Any CPU.ActiveCfg = Release|Any CPU
		{FA3BD613-1A1B-486F-8CAA-8F40DD00691B}.Release|Any CPU.Build.0 = Release|Any CPU
		{0224C7D8-0308-4255-AE2E-1762BC2A7B59}.Debug|Any CPU.ActiveCfg = Debug|Any CPU
		{0224C7D8-0308-4255-AE2E-1762BC2A7B59}.Debug|Any CPU.Build.0 = Debug|Any CPU
		{0224C7D8-0308-4255-AE2E-1762BC2A7B59}.Release|Any CPU.ActiveCfg = Release|Any CPU
		{0224C7D8-0308-4255-AE2E-1762BC2A7B59}.Release|Any CPU.Build.0 = Release|Any CPU
	EndGlobalSection
	GlobalSection(SolutionProperties) = preSolution
		HideSolutionNode = FALSE
	EndGlobalSection
	GlobalSection(ExtensibilityGlobals) = postSolution
		SolutionGuid = {9EB3405F-7ED5-40DF-A063-57503A213780}
	EndGlobalSection
EndGlobal
